{
  "requires": true,
  "lockfileVersion": 1,
  "dependencies": {
    "weui-miniprogram": {
      "version": "0.2.1",
      "resolved": "https://registry.npm.taobao.org/weui-miniprogram/download/weui-miniprogram-0.2.1.tgz",
      "integrity": "sha1-QZwJ08AEOFTL3N1BFye76oFM30g="
    },
    "weui-wxss": {
      "version": "2.0.1",
      "resolved": "https://registry.npm.taobao.org/weui-wxss/download/weui-wxss-2.0.1.tgz",
      "integrity": "sha1-Iit0bDJ9k1jr+JgVHkHmj6yCch8="
    }
  }
}
